
Microsoft Visual Studio Solution File, Format Version 12.00
# Visual Studio 15
VisualStudioVersion = 15.0.28307.421
MinimumVisualStudioVersion = 10.0.40219.1
Project("{FAE04EC0-301F-11D3-BF4B-00C04F79EFBC}") = "FluidParty", "FluidParty\FluidParty.csproj", "{D44305F6-0E38-435A-B289-4C695DC7037A}"
EndProject
Global
	GlobalSection(SolutionConfigurationPlatforms) = preSolution
		Debug|Any CPU = Debug|Any CPU
		Release|Any CPU = Release|Any CPU
	EndGlobalSection
	GlobalSection(ProjectConfigurationPlatforms) = postSolution
		{D44305F6-0E38-435A-B289-4C695DC7037A}.Debug|Any CPU.ActiveCfg = Debug|Any CPU
		{D44305F6-0E38-435A-B289-4C695DC7037A}.Debug|Any CPU.Build.0 = Debug|Any CPU
		{D44305F6-0E38-435A-B289-4C695DC7037A}.Release|Any CPU.ActiveCfg = Release|Any CPU
		{D44305F6-0E38-435A-B289-4C695DC7037A}.Release|Any CPU.Build.0 = Release|Any CPU
	EndGlobalSection
	GlobalSection(SolutionProperties) = preSolution
		HideSolutionNode = FALSE
	EndGlobalSection
	GlobalSection(ExtensibilityGlobals) = postSolution
		SolutionGuid = {02CEE090-DF87-49F4-9AB1-7A90048C633A}
	EndGlobalSection
EndGlobal
